
Microsoft Visual Studio Solution File, Format Version 12.00
# Visual Studio 2013
VisualStudioVersion = 12.0.31101.0
MinimumVisualStudioVersion = 10.0.40219.1
Project("{FAE04EC0-301F-11D3-BF4B-00C04F79EFBC}") = "MAX31865_43", "MAX31865\MAX31865_43\MAX31865_43.csproj", "{3B87B136-A567-41B7-87D0-12C43CFA9872}"
EndProject
Project("{FAE04EC0-301F-11D3-BF4B-00C04F79EFBC}") = "MAX31865", "MAX31865\MAX31865\MAX31865.csproj", "{A8B68C77-847F-4582-A4E6-305C9C71DFFA}"
EndProject
Project("{FAE04EC0-301F-11D3-BF4B-00C04F79EFBC}") = "MAX31865_Example", "..\MAX31865_Example\MAX31865_Example\MAX31865_Example.csproj", "{42438309-61A7-40EA-8F89-0DD2E615026C}"
EndProject
Global
	GlobalSection(SolutionConfigurationPlatforms) = preSolution
		Debug|Any CPU = Debug|Any CPU
		Release|Any CPU = Release|Any CPU
	EndGlobalSection
	GlobalSection(ProjectConfigurationPlatforms) = postSolution
		{3B87B136-A567-41B7-87D0-12C43CFA9872}.Debug|Any CPU.ActiveCfg = Debug|Any CPU
		{3B87B136-A567-41B7-87D0-12C43CFA9872}.Debug|Any CPU.Build.0 = Debug|Any CPU
		{3B87B136-A567-41B7-87D0-12C43CFA9872}.Release|Any CPU.ActiveCfg = Release|Any CPU
		{3B87B136-A567-41B7-87D0-12C43CFA9872}.Release|Any CPU.Build.0 = Release|Any CPU
		{A8B68C77-847F-4582-A4E6-305C9C71DFFA}.Debug|Any CPU.ActiveCfg = Debug|Any CPU
		{A8B68C77-847F-4582-A4E6-305C9C71DFFA}.Debug|Any CPU.Build.0 = Debug|Any CPU
		{A8B68C77-847F-4582-A4E6-305C9C71DFFA}.Release|Any CPU.ActiveCfg = Release|Any CPU
		{A8B68C77-847F-4582-A4E6-305C9C71DFFA}.Release|Any CPU.Build.0 = Release|Any CPU
		{42438309-61A7-40EA-8F89-0DD2E615026C}.Debug|Any CPU.ActiveCfg = Debug|Any CPU
		{42438309-61A7-40EA-8F89-0DD2E615026C}.Debug|Any CPU.Build.0 = Debug|Any CPU
		{42438309-61A7-40EA-8F89-0DD2E615026C}.Debug|Any CPU.Deploy.0 = Debug|Any CPU
		{42438309-61A7-40EA-8F89-0DD2E615026C}.Release|Any CPU.ActiveCfg = Release|Any CPU
		{42438309-61A7-40EA-8F89-0DD2E615026C}.Release|Any CPU.Build.0 = Release|Any CPU
		{42438309-61A7-40EA-8F89-0DD2E615026C}.Release|Any CPU.Deploy.0 = Release|Any CPU
	EndGlobalSection
	GlobalSection(SolutionProperties) = preSolution
		HideSolutionNode = FALSE
	EndGlobalSection
EndGlobal
